{
    "_meta": {
        "hash": {
            "sha256": "af0f775b38fb1a82c9af8f7f3e7c24d1aa2887f91fe8c4b41290143b2b274614"
        },
        "pipfile-spec": 6,
        "requires": {
            "python_version": "3.7"
        },
        "sources": [
            {
                "name": "pypi",
                "url": "https://pypi.org/simple",
                "verify_ssl": true
            }
        ]
    },
    "default": {
        "objectpath": {
            "hashes": [
                "sha256:461263136c79292e42431fbb85cdcaac4c6a256f6b1aa5b3ae9316e4965ad819",
                "sha256:7ac2c507e7e5bfbf245701044453edc8e4073ded01d53349237d918124d7ca87"
            ],
            "index": "pypi",
            "version": "==0.6.1"
        },
        "pyyaml": {
            "hashes": [
                "sha256:0e7f69397d53155e55d10ff68fdfb2cf630a35e6daf65cf0bdeaf04f127c09dc",
                "sha256:2e9f0b7c5914367b0916c3c104a024bb68f269a486b9d04a2e8ac6f6597b7803",
                "sha256:35ace9b4147848cafac3db142795ee42deebe9d0dad885ce643928e88daebdcc",
                "sha256:38a4f0d114101c58c0f3a88aeaa44d63efd588845c5a2df5290b73db8f246d15",
                "sha256:483eb6a33b671408c8529106df3707270bfacb2447bf8ad856a4b4f57f6e3075",
                "sha256:4b6be5edb9f6bb73680f5bf4ee08ff25416d1400fbd4535fe0069b2994da07cd",
                "sha256:7f38e35c00e160db592091751d385cd7b3046d6d51f578b29943225178257b31",
                "sha256:8100c896ecb361794d8bfdb9c11fce618c7cf83d624d73d5ab38aef3bc82d43f",
                "sha256:c0ee8eca2c582d29c3c2ec6e2c4f703d1b7f1fb10bc72317355a746057e7346c",
                "sha256:e4c015484ff0ff197564917b4b4246ca03f411b9bd7f16e02a2f586eb48b6d04",
                "sha256:ebc4ed52dcc93eeebeae5cf5deb2ae4347b3a81c3fa12b0b8c976544829396a4"
            ],
            "index": "pypi",
            "version": "==5.2"
        }
    },
    "develop": {
        "autopep8": {
            "hashes": [
                "sha256:4d8eec30cc81bc5617dbf1218201d770dc35629363547f17577c61683ccfb3ee"
            ],
            "index": "pypi",
            "version": "==1.4.4"
        },
        "idna": {
            "hashes": [
                "sha256:c357b3f628cf53ae2c4c05627ecc484553142ca23264e593d327bcde5e9c3407",
                "sha256:ea8b7f6188e6fa117537c3df7da9fc686d485087abf6ac197f9c46432f7e4a3c"
            ],
            "version": "==2.8"
        },
        "multidict": {
            "hashes": [
                "sha256:07f9a6bf75ad675d53956b2c6a2d4ef2fa63132f33ecc99e9c24cf93beb0d10b",
                "sha256:0ffe4d4d28cbe9801952bfb52a8095dd9ffecebd93f84bdf973c76300de783c5",
                "sha256:1b605272c558e4c659dbaf0fb32a53bfede44121bcf77b356e6e906867b958b7",
                "sha256:205a011e636d885af6dd0029e41e3514a46e05bb2a43251a619a6e8348b96fc0",
                "sha256:250632316295f2311e1ed43e6b26a63b0216b866b45c11441886ac1543ca96e1",
                "sha256:2bc9c2579312c68a3552ee816311c8da76412e6f6a9cf33b15152e385a572d2a",
                "sha256:318aadf1cfb6741c555c7dd83d94f746dc95989f4f106b25b8a83dfb547f2756",
                "sha256:42cdd649741a14b0602bf15985cad0dd4696a380081a3319cd1ead46fd0f0fab",
                "sha256:5159c4975931a1a78bf6602bbebaa366747fce0a56cb2111f44789d2c45e379f",
                "sha256:87e26d8b89127c25659e962c61a4c655ec7445d19150daea0759516884ecb8b4",
                "sha256:891b7e142885e17a894d9d22b0349b92bb2da4769b4e675665d0331c08719be5",
                "sha256:8d919034420378132d074bf89df148d0193e9780c9fe7c0e495e895b8af4d8a2",
                "sha256:9c890978e2b37dd0dc1bd952da9a5d9f245d4807bee33e3517e4119c48d66f8c",
                "sha256:a37433ce8cdb35fc9e6e47e1606fa1bfd6d70440879038dca7d8dd023197eaa9",
                "sha256:c626029841ada34c030b94a00c573a0c7575fe66489cde148785b6535397d675",
                "sha256:cfec9d001a83dc73580143f3c77e898cf7ad78b27bb5e64dbe9652668fcafec7",
                "sha256:efaf1b18ea6c1f577b1371c0159edbe4749558bfe983e13aa24d0a0c01e1ad7b"
            ],
            "version": "==4.6.1"
        },
        "pycodestyle": {
            "hashes": [
                "sha256:95a2219d12372f05704562a14ec30bc76b05a5b297b21a5dfe3f6fac3491ae56",
                "sha256:e40a936c9a450ad81df37f549d676d127b1b66000a6c500caa2b085bc0ca976c"
            ],
            "version": "==2.5.0"
        },
        "pyyaml": {
            "hashes": [
                "sha256:0e7f69397d53155e55d10ff68fdfb2cf630a35e6daf65cf0bdeaf04f127c09dc",
                "sha256:2e9f0b7c5914367b0916c3c104a024bb68f269a486b9d04a2e8ac6f6597b7803",
                "sha256:35ace9b4147848cafac3db142795ee42deebe9d0dad885ce643928e88daebdcc",
                "sha256:38a4f0d114101c58c0f3a88aeaa44d63efd588845c5a2df5290b73db8f246d15",
                "sha256:483eb6a33b671408c8529106df3707270bfacb2447bf8ad856a4b4f57f6e3075",
                "sha256:4b6be5edb9f6bb73680f5bf4ee08ff25416d1400fbd4535fe0069b2994da07cd",
                "sha256:7f38e35c00e160db592091751d385cd7b3046d6d51f578b29943225178257b31",
                "sha256:8100c896ecb361794d8bfdb9c11fce618c7cf83d624d73d5ab38aef3bc82d43f",
                "sha256:c0ee8eca2c582d29c3c2ec6e2c4f703d1b7f1fb10bc72317355a746057e7346c",
                "sha256:e4c015484ff0ff197564917b4b4246ca03f411b9bd7f16e02a2f586eb48b6d04",
                "sha256:ebc4ed52dcc93eeebeae5cf5deb2ae4347b3a81c3fa12b0b8c976544829396a4"
            ],
            "index": "pypi",
            "version": "==5.2"
        },
        "six": {
            "hashes": [
                "sha256:1f1b7d42e254082a9db6279deae68afb421ceba6158efa6131de7b3003ee93fd",
                "sha256:30f610279e8b2578cab6db20741130331735c781b56053c59c4076da27f06b66"
            ],
            "version": "==1.13.0"
        },
        "vcrpy": {
            "hashes": [
                "sha256:27cc696df66d77703eab5cdfa041b2f9877bbf2b54bcd390de89a4be964ca536",
                "sha256:3203170a13fe26407183768fab48af10086fa22d487b3887859c89fd47e69935"
            ],
            "version": "==2.1.1"
        },
        "vcrpy-unittest": {
            "hashes": [
                "sha256:a508d8848e678243f1c0d4b152a645c18403a8da517b8a44dfcfc35a675ec981",
                "sha256:b5e2d78bf4c13bc04dca04061dda934abba5f2c9d5201f148747800ff80a762b"
            ],
            "index": "pypi",
            "version": "==0.1.7"
        },
        "wrapt": {
            "hashes": [
                "sha256:565a021fd19419476b9362b05eeaa094178de64f8361e44468f9e9d7843901e1"
            ],
            "version": "==1.11.2"
        },
        "yarl": {
            "hashes": [
                "sha256:031e8f56cf085d3b3df6b6bce756369ea7052b82d35ea07b6045f209c819e0e5",
                "sha256:074958fe4578ef3a3d0bdaf96bbc25e4c4db82b7ff523594776fcf3d3f16c531",
                "sha256:2db667ee21f620b446a54a793e467714fc5a446fcc82d93a47e8bde01d69afab",
                "sha256:326f2dbaaa17b858ae86f261ae73a266fd820a561fc5142cee9d0fc58448fbd7",
                "sha256:32a3885f542f74d0f4f87057050c6b45529ebd79d0639f56582e741521575bfe",
                "sha256:56126ef061b913c3eefecace3404ca88917265d0550b8e32bbbeab29e5c830bf",
                "sha256:589ac1e82add13fbdedc04eb0a83400db728e5f1af2bd273392088ca90de7062",
                "sha256:6076bce2ecc6ebf6c92919d77762f80f4c9c6ecc9c1fbaa16567ec59ad7d6f1d",
                "sha256:63be649c535d18ab6230efbc06a07f7779cd4336a687672defe70c025349a47b",
                "sha256:6642cbc92eaffa586180f669adc772f5c34977e9e849e93f33dc142351e98c9c",
                "sha256:6fa05a25f2280e78a514041d4609d39962e7d51525f2439db9ad7a2ae7aac163",
                "sha256:7ed006a220422c33ff0889288be24db56ff0a3008ffe9eaead58a690715ad09b",
                "sha256:80c9c213803b50899460cc355f47e66778c3c868f448b7b7de5b1f1858c82c2a",
                "sha256:8bae18e2129850e76969b57869dacc72a66cccdbeebce1a28d7f3d439c21a7a3",
                "sha256:ab112fba996a8f48f427e26969f2066d50080df0c24007a8cc6d7ae865e19013",
                "sha256:b1c178ef813940c9a5cbad42ab7b8b76ac08b594b0a6bad91063c968e0466efc",
                "sha256:d6eff151c3b23a56a5e4f496805619bc3bdf4f749f63a7a95ad50e8267c17475"
            ],
            "markers": "python_version >= '3.6'",
            "version": "==1.4.1"
        }
    }
}
